// !$*UTF8*$!
{
	archiveVersion = 1;
	classes = {
	};
	objectVersion = 56;
	objects = {

/* Begin PBXBuildFile section */
		EE180F132BDA680A0095FE6C /* CircleImage.swift in Sources */ = {isa = PBXBuildFile; fileRef = EE180F122BDA680A0095FE6C /* CircleImage.swift */; };
		EE180F152BDA68F40095FE6C /* MapView.swift in Sources */ = {isa = PBXBuildFile; fileRef = EE180F142BDA68F30095FE6C /* MapView.swift */; };
		EE180F172BDA6A5F0095FE6C /* landmarkData.json in Resources */ = {isa = PBXBuildFile; fileRef = EE180F162BDA6A5F0095FE6C /* landmarkData.json */; };
		EE180F1A2BDA6AB70095FE6C /* Landmark.swift in Sources */ = {isa = PBXBuildFile; fileRef = EE180F192BDA6AB70095FE6C /* Landmark.swift */; };
		EE180F1C2BDA6C4A0095FE6C /* ModelData.swift in Sources */ = {isa = PBXBuildFile; fileRef = EE180F1B2BDA6C4A0095FE6C /* ModelData.swift */; };
		EE180F222BDAB9F20095FE6C /* LandmarkRow.swift in Sources */ = {isa = PBXBuildFile; fileRef = EE180F212BDAB9F20095FE6C /* LandmarkRow.swift */; };
		EE180F242BDABA9E0095FE6C /* LandmarkList.swift in Sources */ = {isa = PBXBuildFile; fileRef = EE180F232BDABA9E0095FE6C /* LandmarkList.swift */; };
		EE180F262BDABB500095FE6C /* LandmarkDetail.swift in Sources */ = {isa = PBXBuildFile; fileRef = EE180F252BDABB500095FE6C /* LandmarkDetail.swift */; };
		EEFAC9AD2BDA600300687A3C /* LandmarksApp.swift in Sources */ = {isa = PBXBuildFile; fileRef = EEFAC9AC2BDA600300687A3C /* LandmarksApp.swift */; };
		EEFAC9AF2BDA600300687A3C /* ContentView.swift in Sources */ = {isa = PBXBuildFile; fileRef = EEFAC9AE2BDA600300687A3C /* ContentView.swift */; };
		EEFAC9B12BDA600400687A3C /* Assets.xcassets in Resources */ = {isa = PBXBuildFile; fileRef = EEFAC9B02BDA600400687A3C /* Assets.xcassets */; };
		EEFAC9B42BDA600400687A3C /* Preview Assets.xcassets in Resources */ = {isa = PBXBuildFile; fileRef = EEFAC9B32BDA600400687A3C /* Preview Assets.xcassets */; };
/* End PBXBuildFile section */

/* Begin PBXFileReference section */
		EE180F122BDA680A0095FE6C /* CircleImage.swift */ = {isa = PBXFileReference; lastKnownFileType = sourcecode.swift; path = CircleImage.swift; sourceTree = "<group>"; };
		EE180F142BDA68F30095FE6C /* MapView.swift */ = {isa = PBXFileReference; lastKnownFileType = sourcecode.swift; path = MapView.swift; sourceTree = "<group>"; };
		EE180F162BDA6A5F0095FE6C /* landmarkData.json */ = {isa = PBXFileReference; fileEncoding = 4; lastKnownFileType = text.json; path = landmarkData.json; sourceTree = "<group>"; };
		EE180F192BDA6AB70095FE6C /* Landmark.swift */ = {isa = PBXFileReference; lastKnownFileType = sourcecode.swift; path = Landmark.swift; sourceTree = "<group>"; };
		EE180F1B2BDA6C4A0095FE6C /* ModelData.swift */ = {isa = PBXFileReference; lastKnownFileType = sourcecode.swift; path = ModelData.swift; sourceTree = "<group>"; };
		EE180F212BDAB9F20095FE6C /* LandmarkRow.swift */ = {isa = PBXFileReference; lastKnownFileType = sourcecode.swift; path = LandmarkRow.swift; sourceTree = "<group>"; };
		EE180F232BDABA9E0095FE6C /* LandmarkList.swift */ = {isa = PBXFileReference; lastKnownFileType = sourcecode.swift; path = LandmarkList.swift; sourceTree = "<group>"; };
		EE180F252BDABB500095FE6C /* LandmarkDetail.swift */ = {isa = PBXFileReference; lastKnownFileType = sourcecode.swift; path = LandmarkDetail.swift; sourceTree = "<group>"; };
		EEFAC9A92BDA600300687A3C /* Landmarks.app */ = {isa = PBXFileReference; explicitFileType = wrapper.application; includeInIndex = 0; path = Landmarks.app; sourceTree = BUILT_PRODUCTS_DIR; };
		EEFAC9AC2BDA600300687A3C /* LandmarksApp.swift */ = {isa = PBXFileReference; lastKnownFileType = sourcecode.swift; path = LandmarksApp.swift; sourceTree = "<group>"; };
		EEFAC9AE2BDA600300687A3C /* ContentView.swift */ = {isa = PBXFileReference; lastKnownFileType = sourcecode.swift; path = ContentView.swift; sourceTree = "<group>"; };
		EEFAC9B02BDA600400687A3C /* Assets.xcassets */ = {isa = PBXFileReference; lastKnownFileType = folder.assetcatalog; path = Assets.xcassets; sourceTree = "<group>"; };
		EEFAC9B32BDA600400687A3C /* Preview Assets.xcassets */ = {isa = PBXFileReference; lastKnownFileType = folder.assetcatalog; path = "Preview Assets.xcassets"; sourceTree = "<group>"; };
/* End PBXFileReference section */

/* Begin PBXFrameworksBuildPhase section */
		EEFAC9A62BDA600300687A3C /* Frameworks */ = {
			isa = PBXFrameworksBuildPhase;
			buildActionMask = 2147483647;
			files = (
			);
			runOnlyForDeploymentPostprocessing = 0;
		};
/* End PBXFrameworksBuildPhase section */

/* Begin PBXGroup section */
		EE180F182BDA6A650095FE6C /* Resources */ = {
			isa = PBXGroup;
			children = (
				EE180F162BDA6A5F0095FE6C /* landmarkData.json */,
			);
			path = Resources;
			sourceTree = "<group>";
		};
		EE180F1D2BDA6CB00095FE6C /* Model */ = {
			isa = PBXGroup;
			children = (
				EE180F1B2BDA6C4A0095FE6C /* ModelData.swift */,
				EE180F192BDA6AB70095FE6C /* Landmark.swift */,
			);
			path = Model;
			sourceTree = "<group>";
		};
		EE180F202BDAB9C40095FE6C /* Views */ = {
			isa = PBXGroup;
			children = (
				EE180F212BDAB9F20095FE6C /* LandmarkRow.swift */,
				EE180F232BDABA9E0095FE6C /* LandmarkList.swift */,
				EE180F252BDABB500095FE6C /* LandmarkDetail.swift */,
			);
			path = Views;
			sourceTree = "<group>";
		};
		EEFAC9A02BDA600300687A3C = {
			isa = PBXGroup;
			children = (
				EEFAC9AB2BDA600300687A3C /* Landmarks */,
				EEFAC9AA2BDA600300687A3C /* Products */,
			);
			sourceTree = "<group>";
		};
		EEFAC9AA2BDA600300687A3C /* Products */ = {
			isa = PBXGroup;
			children = (
				EEFAC9A92BDA600300687A3C /* Landmarks.app */,
			);
			name = Products;
			sourceTree = "<group>";
		};
		EEFAC9AB2BDA600300687A3C /* Landmarks */ = {
			isa = PBXGroup;
			children = (
				EE180F202BDAB9C40095FE6C /* Views */,
				EE180F182BDA6A650095FE6C /* Resources */,
				EEFAC9AC2BDA600300687A3C /* LandmarksApp.swift */,
				EEFAC9AE2BDA600300687A3C /* ContentView.swift */,
				EEFAC9B02BDA600400687A3C /* Assets.xcassets */,
				EEFAC9B22BDA600400687A3C /* Preview Content */,
				EE180F122BDA680A0095FE6C /* CircleImage.swift */,
				EE180F142BDA68F30095FE6C /* MapView.swift */,
				EE180F1D2BDA6CB00095FE6C /* Model */,
			);
			path = Landmarks;
			sourceTree = "<group>";
		};
		EEFAC9B22BDA600400687A3C /* Preview Content */ = {
			isa = PBXGroup;
			children = (
				EEFAC9B32BDA600400687A3C /* Preview Assets.xcassets */,
			);
			path = "Preview Content";
			sourceTree = "<group>";
		};
/* End PBXGroup section */

/* Begin PBXNativeTarget section */
		EEFAC9A82BDA600300687A3C /* Landmarks */ = {
			isa = PBXNativeTarget;
			buildConfigurationList = EEFAC9B72BDA600400687A3C /* Build configuration list for PBXNativeTarget "Landmarks" */;
			buildPhases = (
				EEFAC9A52BDA600300687A3C /* Sources */,
				EEFAC9A62BDA600300687A3C /* Frameworks */,
				EEFAC9A72BDA600300687A3C /* Resources */,
			);
			buildRules = (
			);
			dependencies = (
			);
			name = Landmarks;
			productName = Landmarks;
			productReference = EEFAC9A92BDA600300687A3C /* Landmarks.app */;
			productType = "com.apple.product-type.application";
		};
/* End PBXNativeTarget section */

/* Begin PBXProject section */
		EEFAC9A12BDA600300687A3C /* Project object */ = {
			isa = PBXProject;
			attributes = {
				BuildIndependentTargetsInParallel = 1;
				LastSwiftUpdateCheck = 1520;
				LastUpgradeCheck = 1520;
				TargetAttributes = {
					EEFAC9A82BDA600300687A3C = {
						CreatedOnToolsVersion = 15.2;
					};
				};
			};
			buildConfigurationList = EEFAC9A42BDA600300687A3C /* Build configuration list for PBXProject "Landmarks" */;
			compatibilityVersion = "Xcode 14.0";
			developmentRegion = en;
			hasScannedForEncodings = 0;
			knownRegions = (
				en,
				Base,
			);
			mainGroup = EEFAC9A02BDA600300687A3C;
			productRefGroup = EEFAC9AA2BDA600300687A3C /* Products */;
			projectDirPath = "";
			projectRoot = "";
			targets = (
				EEFAC9A82BDA600300687A3C /* Landmarks */,
			);
		};
/* End PBXProject section */

/* Begin PBXResourcesBuildPhase section */
		EEFAC9A72BDA600300687A3C /* Resources */ = {
			isa = PBXResourcesBuildPhase;
			buildActionMask = 2147483647;
			files = (
				EEFAC9B42BDA600400687A3C /* Preview Assets.xcassets in Resources */,
				EEFAC9B12BDA600400687A3C /* Assets.xcassets in Resources */,
				EE180F172BDA6A5F0095FE6C /* landmarkData.json in Resources */,
			);
			runOnlyForDeploymentPostprocessing = 0;
		};
/* End PBXResourcesBuildPhase section */

/* Begin PBXSourcesBuildPhase section */
		EEFAC9A52BDA600300687A3C /* Sources */ = {
			isa = PBXSourcesBuildPhase;
			buildActionMask = 2147483647;
			files = (
				EEFAC9AF2BDA600300687A3C /* ContentView.swift in Sources */,
				EE180F152BDA68F40095FE6C /* MapView.swift in Sources */,
				EEFAC9AD2BDA600300687A3C /* LandmarksApp.swift in Sources */,
				EE180F242BDABA9E0095FE6C /* LandmarkList.swift in Sources */,
				EE180F262BDABB500095FE6C /* LandmarkDetail.swift in Sources */,
				EE180F132BDA680A0095FE6C /* CircleImage.swift in Sources */,
				EE180F1A2BDA6AB70095FE6C /* Landmark.swift in Sources */,
				EE180F222BDAB9F20095FE6C /* LandmarkRow.swift in Sources */,
				EE180F1C2BDA6C4A0095FE6C /* ModelData.swift in Sources */,
			);
			runOnlyForDeploymentPostprocessing = 0;
		};
/* End PBXSourcesBuildPhase section */

/* Begin XCBuildConfiguration section */
		EEFAC9B52BDA600400687A3C /* Debug */ = {
			isa = XCBuildConfiguration;
			buildSettings = {
				ALWAYS_SEARCH_USER_PATHS = NO;
				ASSETCATALOG_COMPILER_GENERATE_SWIFT_ASSET_SYMBOL_EXTENSIONS = YES;
				CLANG_ANALYZER_NONNULL = YES;
				CLANG_ANALYZER_NUMBER_OBJECT_CONVERSION = YES_AGGRESSIVE;
				CLANG_CXX_LANGUAGE_STANDARD = "gnu++20";
				CLANG_ENABLE_MODULES = YES;
				CLANG_ENABLE_OBJC_ARC = YES;
				CLANG_ENABLE_OBJC_WEAK = YES;
				CLANG_WARN_BLOCK_CAPTURE_AUTORELEASING = YES;
				CLANG_WARN_BOOL_CONVERSION = YES;
				CLANG_WARN_COMMA = YES;
				CLANG_WARN_CONSTANT_CONVERSION = YES;
				CLANG_WARN_DEPRECATED_OBJC_IMPLEMENTATIONS = YES;
				CLANG_WARN_DIRECT_OBJC_ISA_USAGE = YES_ERROR;
				CLANG_WARN_DOCUMENTATION_COMMENTS = YES;
				CLANG_WARN_EMPTY_BODY = YES;
				CLANG_WARN_ENUM_CONVERSION = YES;
				CLANG_WARN_INFINITE_RECURSION = YES;
				CLANG_WARN_INT_CONVERSION = YES;
				CLANG_WARN_NON_LITERAL_NULL_CONVERSION = YES;
				CLANG_WARN_OBJC_IMPLICIT_RETAIN_SELF = YES;
				CLANG_WARN_OBJC_LITERAL_CONVERSION = YES;
				CLANG_WARN_OBJC_ROOT_CLASS = YES_ERROR;
				CLANG_WARN_QUOTED_INCLUDE_IN_FRAMEWORK_HEADER = YES;
				CLANG_WARN_RANGE_LOOP_ANALYSIS = YES;
				CLANG_WARN_STRICT_PROTOTYPES = YES;
				CLANG_WARN_SUSPICIOUS_MOVE = YES;
				CLANG_WARN_UNGUARDED_AVAILABILITY = YES_AGGRESSIVE;
				CLANG_WARN_UNREACHABLE_CODE = YES;
				CLANG_WARN__DUPLICATE_METHOD_MATCH = YES;
				COPY_PHASE_STRIP = NO;
				DEBUG_INFORMATION_FORMAT = dwarf;
				ENABLE_STRICT_OBJC_MSGSEND = YES;
				ENABLE_TESTABILITY = YES;
				ENABLE_USER_SCRIPT_SANDBOXING = YES;
				GCC_C_LANGUAGE_STANDARD = gnu17;
				GCC_DYNAMIC_NO_PIC = NO;
				GCC_NO_COMMON_BLOCKS = YES;
				GCC_OPTIMIZATION_LEVEL = 0;
				GCC_PREPROCESSOR_DEFINITIONS = (
					"DEBUG=1",
					"$(inherited)",
				);
				GCC_WARN_64_TO_32_BIT_CONVERSION = YES;
				GCC_WARN_ABOUT_RETURN_TYPE = YES_ERROR;
				GCC_WARN_UNDECLARED_SELECTOR = YES;
				GCC_WARN_UNINITIALIZED_AUTOS = YES_AGGRESSIVE;
				GCC_WARN_UNUSED_FUNCTION = YES;
				GCC_WARN_UNUSED_VARIABLE = YES;
				IPHONEOS_DEPLOYMENT_TARGET = 17.2;
				LOCALIZATION_PREFERS_STRING_CATALOGS = YES;
				MTL_ENABLE_DEBUG_INFO = INCLUDE_SOURCE;
				MTL_FAST_MATH = YES;
				ONLY_ACTIVE_ARCH = YES;
				SDKROOT = iphoneos;
				SWIFT_ACTIVE_COMPILATION_CONDITIONS = "DEBUG $(inherited)";
				SWIFT_OPTIMIZATION_LEVEL = "-Onone";
			};
			name = Debug;
		};
		EEFAC9B62BDA600400687A3C /* Release */ = {
			isa = XCBuildConfiguration;
			buildSettings = {
				ALWAYS_SEARCH_USER_PATHS = NO;
				ASSETCATALOG_COMPILER_GENERATE_SWIFT_ASSET_SYMBOL_EXTENSIONS = YES;
				CLANG_ANALYZER_NONNULL = YES;
				CLANG_ANALYZER_NUMBER_OBJECT_CONVERSION = YES_AGGRESSIVE;
				CLANG_CXX_LANGUAGE_STANDARD = "gnu++20";
				CLANG_ENABLE_MODULES = YES;
				CLANG_ENABLE_OBJC_ARC = YES;
				CLANG_ENABLE_OBJC_WEAK = YES;
				CLANG_WARN_BLOCK_CAPTURE_AUTORELEASING = YES;
				CLANG_WARN_BOOL_CONVERSION = YES;
				CLANG_WARN_COMMA = YES;
				CLANG_WARN_CONSTANT_CONVERSION = YES;
				CLANG_WARN_DEPRECATED_OBJC_IMPLEMENTATIONS = YES;
				CLANG_WARN_DIRECT_OBJC_ISA_USAGE = YES_ERROR;
				CLANG_WARN_DOCUMENTATION_COMMENTS = YES;
				CLANG_WARN_EMPTY_BODY = YES;
				CLANG_WARN_ENUM_CONVERSION = YES;
				CLANG_WARN_INFINITE_RECURSION = YES;
				CLANG_WARN_INT_CONVERSION = YES;
				CLANG_WARN_NON_LITERAL_NULL_CONVERSION = YES;
				CLANG_WARN_OBJC_IMPLICIT_RETAIN_SELF = YES;
				CLANG_WARN_OBJC_LITERAL_CONVERSION = YES;
				CLANG_WARN_OBJC_ROOT_CLASS = YES_ERROR;
				CLANG_WARN_QUOTED_INCLUDE_IN_FRAMEWORK_HEADER = YES;
				CLANG_WARN_RANGE_LOOP_ANALYSIS = YES;
				CLANG_WARN_STRICT_PROTOTYPES = YES;
				CLANG_WARN_SUSPICIOUS_MOVE = YES;
				CLANG_WARN_UNGUARDED_AVAILABILITY = YES_AGGRESSIVE;
				CLANG_WARN_UNREACHABLE_CODE = YES;
				CLANG_WARN__DUPLICATE_METHOD_MATCH = YES;
				COPY_PHASE_STRIP = NO;
				DEBUG_INFORMATION_FORMAT = "dwarf-with-dsym";
				ENABLE_NS_ASSERTIONS = NO;
				ENABLE_STRICT_OBJC_MSGSEND = YES;
				ENABLE_USER_SCRIPT_SANDBOXING = YES;
				GCC_C_LANGUAGE_STANDARD = gnu17;
				GCC_NO_COMMON_BLOCKS = YES;
				GCC_WARN_64_TO_32_BIT_CONVERSION = YES;
				GCC_WARN_ABOUT_RETURN_TYPE = YES_ERROR;
				GCC_WARN_UNDECLARED_SELECTOR = YES;
				GCC_WARN_UNINITIALIZED_AUTOS = YES_AGGRESSIVE;
				GCC_WARN_UNUSED_FUNCTION = YES;
				GCC_WARN_UNUSED_VARIABLE = YES;
				IPHONEOS_DEPLOYMENT_TARGET = 17.2;
				LOCALIZATION_PREFERS_STRING_CATALOGS = YES;
				MTL_ENABLE_DEBUG_INFO = NO;
				MTL_FAST_MATH = YES;
				SDKROOT = iphoneos;
				SWIFT_COMPILATION_MODE = wholemodule;
				VALIDATE_PRODUCT = YES;
			};
			name = Release;
		};
		EEFAC9B82BDA600400687A3C /* Debug */ = {
			isa = XCBuildConfiguration;
			buildSettings = {
				ASSETCATALOG_COMPILER_APPICON_NAME = AppIcon;
				ASSETCATALOG_COMPILER_GLOBAL_ACCENT_COLOR_NAME = AccentColor;
				CODE_SIGN_STYLE = Automatic;
				CURRENT_PROJECT_VERSION = 1;
				DEVELOPMENT_ASSET_PATHS = "\"Landmarks/Preview Content\"";
				ENABLE_PREVIEWS = YES;
				GENERATE_INFOPLIST_FILE = YES;
				INFOPLIST_KEY_UIApplicationSceneManifest_Generation = YES;
				INFOPLIST_KEY_UIApplicationSupportsIndirectInputEvents = YES;
				INFOPLIST_KEY_UILaunchScreen_Generation = YES;
				INFOPLIST_KEY_UISupportedInterfaceOrientations_iPad = "UIInterfaceOrientationPortrait UIInterfaceOrientationPortraitUpsideDown UIInterfaceOrientationLandscapeLeft UIInterfaceOrientationLandscapeRight";
				INFOPLIST_KEY_UISupportedInterfaceOrientations_iPhone = "UIInterfaceOrientationPortrait UIInterfaceOrientationLandscapeLeft UIInterfaceOrientationLandscapeRight";
				LD_RUNPATH_SEARCH_PATHS = (
					"$(inherited)",
					"@executable_path/Frameworks",
				);
				MARKETING_VERSION = 1.0;
				PRODUCT_BUNDLE_IDENTIFIER = "-706012210024.Landmarks";
				PRODUCT_NAME = "$(TARGET_NAME)";
				SWIFT_EMIT_LOC_STRINGS = YES;
				SWIFT_VERSION = 5.0;
				TARGETED_DEVICE_FAMILY = "1,2";
			};
			name = Debug;
		};
		EEFAC9B92BDA600400687A3C /* Release */ = {
			isa = XCBuildConfiguration;
			buildSettings = {
				ASSETCATALOG_COMPILER_APPICON_NAME = AppIcon;
				ASSETCATALOG_COMPILER_GLOBAL_ACCENT_COLOR_NAME = AccentColor;
				CODE_SIGN_STYLE = Automatic;
				CURRENT_PROJECT_VERSION = 1;
				DEVELOPMENT_ASSET_PATHS = "\"Landmarks/Preview Content\"";
				ENABLE_PREVIEWS = YES;
				GENERATE_INFOPLIST_FILE = YES;
				INFOPLIST_KEY_UIApplicationSceneManifest_Generation = YES;
				INFOPLIST_KEY_UIApplicationSupportsIndirectInputEvents = YES;
				INFOPLIST_KEY_UILaunchScreen_Generation = YES;
				INFOPLIST_KEY_UISupportedInterfaceOrientations_iPad = "UIInterfaceOrientationPortrait UIInterfaceOrientationPortraitUpsideDown UIInterfaceOrientationLandscapeLeft UIInterfaceOrientationLandscapeRight";
				INFOPLIST_KEY_UISupportedInterfaceOrientations_iPhone = "UIInterfaceOrientationPortrait UIInterfaceOrientationLandscapeLeft UIInterfaceOrientationLandscapeRight";
				LD_RUNPATH_SEARCH_PATHS = (
					"$(inherited)",
					"@executable_path/Frameworks",
				);
				MARKETING_VERSION = 1.0;
				PRODUCT_BUNDLE_IDENTIFIER = "-706012210024.Landmarks";
				PRODUCT_NAME = "$(TARGET_NAME)";
				SWIFT_EMIT_LOC_STRINGS = YES;
				SWIFT_VERSION = 5.0;
				TARGETED_DEVICE_FAMILY = "1,2";
			};
			name = Release;
		};
/* End XCBuildConfiguration section */

/* Begin XCConfigurationList section */
		EEFAC9A42BDA600300687A3C /* Build configuration list for PBXProject "Landmarks" */ = {
			isa = XCConfigurationList;
			buildConfigurations = (
				EEFAC9B52BDA600400687A3C /* Debug */,
				EEFAC9B62BDA600400687A3C /* Release */,
			);
			defaultConfigurationIsVisible = 0;
			defaultConfigurationName = Release;
		};
		EEFAC9B72BDA600400687A3C /* Build configuration list for PBXNativeTarget "Landmarks" */ = {
			isa = XCConfigurationList;
			buildConfigurations = (
				EEFAC9B82BDA600400687A3C /* Debug */,
				EEFAC9B92BDA600400687A3C /* Release */,
			);
			defaultConfigurationIsVisible = 0;
			defaultConfigurationName = Release;
		};
/* End XCConfigurationList section */
	};
	rootObject = EEFAC9A12BDA600300687A3C /* Project object */;
}
