// !$*UTF8*$!
{
	archiveVersion = 1;
	classes = {
	};
	objectVersion = 56;
	objects = {

/* Begin PBXBuildFile section */
		EE014A472BDCC9B2007D4836 /* hikeData.json in Resources */ = {isa = PBXBuildFile; fileRef = EE180F332BDB54770095FE6C /* hikeData.json */; };
		EE014A482BDCC9B2007D4836 /* landmarkData.json in Resources */ = {isa = PBXBuildFile; fileRef = EE180F162BDA6A5F0095FE6C /* landmarkData.json */; };
		EE014A492BDCC9B2007D4836 /* Profile.swift in Sources */ = {isa = PBXBuildFile; fileRef = EED2234D2BDBB67500DA3FE9 /* Profile.swift */; };
		EE014A4A2BDCC9B2007D4836 /* CircleImage.swift in Sources */ = {isa = PBXBuildFile; fileRef = EE180F122BDA680A0095FE6C /* CircleImage.swift */; };
		EE014A4B2BDCC9B2007D4836 /* MapView.swift in Sources */ = {isa = PBXBuildFile; fileRef = EE180F142BDA68F30095FE6C /* MapView.swift */; };
		EE014A4C2BDCC9B2007D4836 /* Assets.xcassets in Resources */ = {isa = PBXBuildFile; fileRef = EEFAC9B02BDA600400687A3C /* Assets.xcassets */; };
		EE014A4D2BDCC9B2007D4836 /* LandmarkRow.swift in Sources */ = {isa = PBXBuildFile; fileRef = EE180F212BDAB9F20095FE6C /* LandmarkRow.swift */; };
		EE014A4E2BDCC9B2007D4836 /* Landmark.swift in Sources */ = {isa = PBXBuildFile; fileRef = EE180F192BDA6AB70095FE6C /* Landmark.swift */; };
		EE014A4F2BDCC9B2007D4836 /* ModelData.swift in Sources */ = {isa = PBXBuildFile; fileRef = EE180F1B2BDA6C4A0095FE6C /* ModelData.swift */; };
		EE014A502BDCC9B2007D4836 /* LandmarkList.swift in Sources */ = {isa = PBXBuildFile; fileRef = EE180F232BDABA9E0095FE6C /* LandmarkList.swift */; };
		EE014A512BDCC9B2007D4836 /* LandmarksApp.swift in Sources */ = {isa = PBXBuildFile; fileRef = EEFAC9AC2BDA600300687A3C /* LandmarksApp.swift */; };
		EE014A522BDCC9B2007D4836 /* Hike.swift in Sources */ = {isa = PBXBuildFile; fileRef = EE180F352BDB54FB0095FE6C /* Hike.swift */; };
		EE014A532BDCC9B2007D4836 /* FavoriteButton.swift in Sources */ = {isa = PBXBuildFile; fileRef = EE180F392BDB5A880095FE6C /* FavoriteButton.swift */; };
		EE014A542BDCCA9A007D4836 /* LandmarkDetail.swift in Sources */ = {isa = PBXBuildFile; fileRef = EE180F252BDABB500095FE6C /* LandmarkDetail.swift */; };
		EE014A562BDCCB90007D4836 /* LandmarkDetail.swift in Sources */ = {isa = PBXBuildFile; fileRef = EE014A552BDCCB90007D4836 /* LandmarkDetail.swift */; };
		EE014A732BDCD731007D4836 /* WatchLandmarksApp.swift in Sources */ = {isa = PBXBuildFile; fileRef = EE014A722BDCD731007D4836 /* WatchLandmarksApp.swift */; };
		EE014A752BDCD731007D4836 /* ContentView.swift in Sources */ = {isa = PBXBuildFile; fileRef = EE014A742BDCD731007D4836 /* ContentView.swift */; };
		EE014A772BDCD733007D4836 /* Assets.xcassets in Resources */ = {isa = PBXBuildFile; fileRef = EE014A762BDCD733007D4836 /* Assets.xcassets */; };
		EE014A7A2BDCD733007D4836 /* Preview Assets.xcassets in Resources */ = {isa = PBXBuildFile; fileRef = EE014A792BDCD733007D4836 /* Preview Assets.xcassets */; };
		EE014A7D2BDCD733007D4836 /* WatchLandmarks Watch App.app in Embed Watch Content */ = {isa = PBXBuildFile; fileRef = EE014A702BDCD731007D4836 /* WatchLandmarks Watch App.app */; settings = {ATTRIBUTES = (RemoveHeadersOnCopy, ); }; };
		EE014A8E2BDCD7B3007D4836 /* hikeData.json in Resources */ = {isa = PBXBuildFile; fileRef = EE180F332BDB54770095FE6C /* hikeData.json */; };
		EE014A8F2BDCD7B3007D4836 /* LandmarksApp.swift in Sources */ = {isa = PBXBuildFile; fileRef = EEFAC9AC2BDA600300687A3C /* LandmarksApp.swift */; };
		EE014A902BDCD7B3007D4836 /* Hike.swift in Sources */ = {isa = PBXBuildFile; fileRef = EE180F352BDB54FB0095FE6C /* Hike.swift */; };
		EE014A912BDCD7B3007D4836 /* Assets.xcassets in Resources */ = {isa = PBXBuildFile; fileRef = EEFAC9B02BDA600400687A3C /* Assets.xcassets */; };
		EE014A922BDCD7B3007D4836 /* LandmarkRow.swift in Sources */ = {isa = PBXBuildFile; fileRef = EE180F212BDAB9F20095FE6C /* LandmarkRow.swift */; };
		EE014A932BDCD7B3007D4836 /* Profile.swift in Sources */ = {isa = PBXBuildFile; fileRef = EED2234D2BDBB67500DA3FE9 /* Profile.swift */; };
		EE014A942BDCD7B3007D4836 /* MapView.swift in Sources */ = {isa = PBXBuildFile; fileRef = EE180F142BDA68F30095FE6C /* MapView.swift */; };
		EE014A952BDCD7B3007D4836 /* CircleImage.swift in Sources */ = {isa = PBXBuildFile; fileRef = EE180F122BDA680A0095FE6C /* CircleImage.swift */; };
		EE014A962BDCD7B3007D4836 /* landmarkData.json in Resources */ = {isa = PBXBuildFile; fileRef = EE180F162BDA6A5F0095FE6C /* landmarkData.json */; };
		EE014A972BDCD7B3007D4836 /* ModelData.swift in Sources */ = {isa = PBXBuildFile; fileRef = EE180F1B2BDA6C4A0095FE6C /* ModelData.swift */; };
		EE014A982BDCD7B3007D4836 /* LandmarkList.swift in Sources */ = {isa = PBXBuildFile; fileRef = EE180F232BDABA9E0095FE6C /* LandmarkList.swift */; };
		EE014A992BDCD7B3007D4836 /* Landmark.swift in Sources */ = {isa = PBXBuildFile; fileRef = EE180F192BDA6AB70095FE6C /* Landmark.swift */; };
		EE180F132BDA680A0095FE6C /* CircleImage.swift in Sources */ = {isa = PBXBuildFile; fileRef = EE180F122BDA680A0095FE6C /* CircleImage.swift */; };
		EE180F152BDA68F40095FE6C /* MapView.swift in Sources */ = {isa = PBXBuildFile; fileRef = EE180F142BDA68F30095FE6C /* MapView.swift */; };
		EE180F172BDA6A5F0095FE6C /* landmarkData.json in Resources */ = {isa = PBXBuildFile; fileRef = EE180F162BDA6A5F0095FE6C /* landmarkData.json */; };
		EE180F1A2BDA6AB70095FE6C /* Landmark.swift in Sources */ = {isa = PBXBuildFile; fileRef = EE180F192BDA6AB70095FE6C /* Landmark.swift */; };
		EE180F1C2BDA6C4A0095FE6C /* ModelData.swift in Sources */ = {isa = PBXBuildFile; fileRef = EE180F1B2BDA6C4A0095FE6C /* ModelData.swift */; };
		EE180F222BDAB9F20095FE6C /* LandmarkRow.swift in Sources */ = {isa = PBXBuildFile; fileRef = EE180F212BDAB9F20095FE6C /* LandmarkRow.swift */; };
		EE180F242BDABA9E0095FE6C /* LandmarkList.swift in Sources */ = {isa = PBXBuildFile; fileRef = EE180F232BDABA9E0095FE6C /* LandmarkList.swift */; };
		EE180F282BDB50940095FE6C /* HexagonParameters.swift in Sources */ = {isa = PBXBuildFile; fileRef = EE180F272BDB50940095FE6C /* HexagonParameters.swift */; };
		EE180F2A2BDB51BA0095FE6C /* BadgeBackground.swift in Sources */ = {isa = PBXBuildFile; fileRef = EE180F292BDB51BA0095FE6C /* BadgeBackground.swift */; };
		EE180F2C2BDB52D60095FE6C /* BadgeSymbol.swift in Sources */ = {isa = PBXBuildFile; fileRef = EE180F2B2BDB52D60095FE6C /* BadgeSymbol.swift */; };
		EE180F2E2BDB53190095FE6C /* RotatedBadgeSymbol.swift in Sources */ = {isa = PBXBuildFile; fileRef = EE180F2D2BDB53190095FE6C /* RotatedBadgeSymbol.swift */; };
		EE180F302BDB536B0095FE6C /* Badge.swift in Sources */ = {isa = PBXBuildFile; fileRef = EE180F2F2BDB536B0095FE6C /* Badge.swift */; };
		EE180F342BDB54770095FE6C /* hikeData.json in Resources */ = {isa = PBXBuildFile; fileRef = EE180F332BDB54770095FE6C /* hikeData.json */; };
		EE180F362BDB54FB0095FE6C /* Hike.swift in Sources */ = {isa = PBXBuildFile; fileRef = EE180F352BDB54FB0095FE6C /* Hike.swift */; };
		EE180F3A2BDB5A880095FE6C /* FavoriteButton.swift in Sources */ = {isa = PBXBuildFile; fileRef = EE180F392BDB5A880095FE6C /* FavoriteButton.swift */; };
		EE180F402BDB61D50095FE6C /* GraphCapsule.swift in Sources */ = {isa = PBXBuildFile; fileRef = EE180F3C2BDB61D50095FE6C /* GraphCapsule.swift */; };
		EE180F412BDB61D50095FE6C /* HikeGraph.swift in Sources */ = {isa = PBXBuildFile; fileRef = EE180F3D2BDB61D50095FE6C /* HikeGraph.swift */; };
		EE180F422BDB61D50095FE6C /* HikeDetail.swift in Sources */ = {isa = PBXBuildFile; fileRef = EE180F3E2BDB61D50095FE6C /* HikeDetail.swift */; };
		EE180F432BDB61D50095FE6C /* HikeView.swift in Sources */ = {isa = PBXBuildFile; fileRef = EE180F3F2BDB61D50095FE6C /* HikeView.swift */; };
		EE180F462BDB66420095FE6C /* CategoryHome.swift in Sources */ = {isa = PBXBuildFile; fileRef = EE180F452BDB66420095FE6C /* CategoryHome.swift */; };
		EE406F782BDB817100D392E6 /* CategoryRow.swift in Sources */ = {isa = PBXBuildFile; fileRef = EE406F772BDB817100D392E6 /* CategoryRow.swift */; };
		EE406F7A2BDB818900D392E6 /* CategoryItem.swift in Sources */ = {isa = PBXBuildFile; fileRef = EE406F792BDB818900D392E6 /* CategoryItem.swift */; };
		EED2234E2BDBB67500DA3FE9 /* Profile.swift in Sources */ = {isa = PBXBuildFile; fileRef = EED2234D2BDBB67500DA3FE9 /* Profile.swift */; };
		EED223512BDBB71300DA3FE9 /* ProfileHost.swift in Sources */ = {isa = PBXBuildFile; fileRef = EED223502BDBB71300DA3FE9 /* ProfileHost.swift */; };
		EED223532BDBB75500DA3FE9 /* ProfileSummary.swift in Sources */ = {isa = PBXBuildFile; fileRef = EED223522BDBB75500DA3FE9 /* ProfileSummary.swift */; };
		EED223552BDBB7B800DA3FE9 /* HikeBadge.swift in Sources */ = {isa = PBXBuildFile; fileRef = EED223542BDBB7B800DA3FE9 /* HikeBadge.swift */; };
		EED223572BDBEF3100DA3FE9 /* ProfileEditor.swift in Sources */ = {isa = PBXBuildFile; fileRef = EED223562BDBEF3100DA3FE9 /* ProfileEditor.swift */; };
		EED2235A2BDBF9BB00DA3FE9 /* PageViewController.swift in Sources */ = {isa = PBXBuildFile; fileRef = EED223592BDBF9BB00DA3FE9 /* PageViewController.swift */; };
		EED2235C2BDC028600DA3FE9 /* FeatureCard.swift in Sources */ = {isa = PBXBuildFile; fileRef = EED2235B2BDC028600DA3FE9 /* FeatureCard.swift */; };
		EED2235E2BDC055000DA3FE9 /* PageView.swift in Sources */ = {isa = PBXBuildFile; fileRef = EED2235D2BDC055000DA3FE9 /* PageView.swift */; };
		EED223602BDC107400DA3FE9 /* PageControl.swift in Sources */ = {isa = PBXBuildFile; fileRef = EED2235F2BDC107400DA3FE9 /* PageControl.swift */; };
		EED2236A2BDC276B00DA3FE9 /* ContentView.swift in Sources */ = {isa = PBXBuildFile; fileRef = EED223692BDC276B00DA3FE9 /* ContentView.swift */; };
		EED2236C2BDC276E00DA3FE9 /* Assets.xcassets in Resources */ = {isa = PBXBuildFile; fileRef = EED2236B2BDC276E00DA3FE9 /* Assets.xcassets */; };
		EED2236F2BDC276E00DA3FE9 /* Preview Assets.xcassets in Resources */ = {isa = PBXBuildFile; fileRef = EED2236E2BDC276E00DA3FE9 /* Preview Assets.xcassets */; };
		EEFAC9AD2BDA600300687A3C /* LandmarksApp.swift in Sources */ = {isa = PBXBuildFile; fileRef = EEFAC9AC2BDA600300687A3C /* LandmarksApp.swift */; };
		EEFAC9AF2BDA600300687A3C /* ContentView.swift in Sources */ = {isa = PBXBuildFile; fileRef = EEFAC9AE2BDA600300687A3C /* ContentView.swift */; };
		EEFAC9B12BDA600400687A3C /* Assets.xcassets in Resources */ = {isa = PBXBuildFile; fileRef = EEFAC9B02BDA600400687A3C /* Assets.xcassets */; };
		EEFAC9B42BDA600400687A3C /* Preview Assets.xcassets in Resources */ = {isa = PBXBuildFile; fileRef = EEFAC9B32BDA600400687A3C /* Preview Assets.xcassets */; };
/* End PBXBuildFile section */

/* Begin PBXContainerItemProxy section */
		EE014A7B2BDCD733007D4836 /* PBXContainerItemProxy */ = {
			isa = PBXContainerItemProxy;
			containerPortal = EEFAC9A12BDA600300687A3C /* Project object */;
			proxyType = 1;
			remoteGlobalIDString = EE014A6F2BDCD731007D4836;
			remoteInfo = "WatchLandmarks Watch App";
		};
/* End PBXContainerItemProxy section */

/* Begin PBXCopyFilesBuildPhase section */
		EE014A812BDCD733007D4836 /* Embed Watch Content */ = {
			isa = PBXCopyFilesBuildPhase;
			buildActionMask = 2147483647;
			dstPath = "$(CONTENTS_FOLDER_PATH)/Watch";
			dstSubfolderSpec = 16;
			files = (
				EE014A7D2BDCD733007D4836 /* WatchLandmarks Watch App.app in Embed Watch Content */,
			);
			name = "Embed Watch Content";
			runOnlyForDeploymentPostprocessing = 0;
		};
/* End PBXCopyFilesBuildPhase section */

/* Begin PBXFileReference section */
		EE014A552BDCCB90007D4836 /* LandmarkDetail.swift */ = {isa = PBXFileReference; lastKnownFileType = sourcecode.swift; path = LandmarkDetail.swift; sourceTree = "<group>"; };
		EE014A702BDCD731007D4836 /* WatchLandmarks Watch App.app */ = {isa = PBXFileReference; explicitFileType = wrapper.application; includeInIndex = 0; path = "WatchLandmarks Watch App.app"; sourceTree = BUILT_PRODUCTS_DIR; };
		EE014A722BDCD731007D4836 /* WatchLandmarksApp.swift */ = {isa = PBXFileReference; lastKnownFileType = sourcecode.swift; path = WatchLandmarksApp.swift; sourceTree = "<group>"; };
		EE014A742BDCD731007D4836 /* ContentView.swift */ = {isa = PBXFileReference; lastKnownFileType = sourcecode.swift; path = ContentView.swift; sourceTree = "<group>"; };
		EE014A762BDCD733007D4836 /* Assets.xcassets */ = {isa = PBXFileReference; lastKnownFileType = folder.assetcatalog; path = Assets.xcassets; sourceTree = "<group>"; };
		EE014A792BDCD733007D4836 /* Preview Assets.xcassets */ = {isa = PBXFileReference; lastKnownFileType = folder.assetcatalog; path = "Preview Assets.xcassets"; sourceTree = "<group>"; };
		EE180F122BDA680A0095FE6C /* CircleImage.swift */ = {isa = PBXFileReference; lastKnownFileType = sourcecode.swift; path = CircleImage.swift; sourceTree = "<group>"; };
		EE180F142BDA68F30095FE6C /* MapView.swift */ = {isa = PBXFileReference; lastKnownFileType = sourcecode.swift; path = MapView.swift; sourceTree = "<group>"; };
		EE180F162BDA6A5F0095FE6C /* landmarkData.json */ = {isa = PBXFileReference; fileEncoding = 4; lastKnownFileType = text.json; path = landmarkData.json; sourceTree = "<group>"; };
		EE180F192BDA6AB70095FE6C /* Landmark.swift */ = {isa = PBXFileReference; lastKnownFileType = sourcecode.swift; path = Landmark.swift; sourceTree = "<group>"; };
		EE180F1B2BDA6C4A0095FE6C /* ModelData.swift */ = {isa = PBXFileReference; lastKnownFileType = sourcecode.swift; path = ModelData.swift; sourceTree = "<group>"; };
		EE180F212BDAB9F20095FE6C /* LandmarkRow.swift */ = {isa = PBXFileReference; lastKnownFileType = sourcecode.swift; path = LandmarkRow.swift; sourceTree = "<group>"; };
		EE180F232BDABA9E0095FE6C /* LandmarkList.swift */ = {isa = PBXFileReference; lastKnownFileType = sourcecode.swift; path = LandmarkList.swift; sourceTree = "<group>"; };
		EE180F252BDABB500095FE6C /* LandmarkDetail.swift */ = {isa = PBXFileReference; lastKnownFileType = sourcecode.swift; path = LandmarkDetail.swift; sourceTree = "<group>"; };
		EE180F272BDB50940095FE6C /* HexagonParameters.swift */ = {isa = PBXFileReference; lastKnownFileType = sourcecode.swift; path = HexagonParameters.swift; sourceTree = "<group>"; };
		EE180F292BDB51BA0095FE6C /* BadgeBackground.swift */ = {isa = PBXFileReference; lastKnownFileType = sourcecode.swift; path = BadgeBackground.swift; sourceTree = "<group>"; };
		EE180F2B2BDB52D60095FE6C /* BadgeSymbol.swift */ = {isa = PBXFileReference; lastKnownFileType = sourcecode.swift; path = BadgeSymbol.swift; sourceTree = "<group>"; };
		EE180F2D2BDB53190095FE6C /* RotatedBadgeSymbol.swift */ = {isa = PBXFileReference; lastKnownFileType = sourcecode.swift; path = RotatedBadgeSymbol.swift; sourceTree = "<group>"; };
		EE180F2F2BDB536B0095FE6C /* Badge.swift */ = {isa = PBXFileReference; lastKnownFileType = sourcecode.swift; path = Badge.swift; sourceTree = "<group>"; };
		EE180F332BDB54770095FE6C /* hikeData.json */ = {isa = PBXFileReference; fileEncoding = 4; lastKnownFileType = text.json; path = hikeData.json; sourceTree = "<group>"; };
		EE180F352BDB54FB0095FE6C /* Hike.swift */ = {isa = PBXFileReference; lastKnownFileType = sourcecode.swift; path = Hike.swift; sourceTree = "<group>"; };
		EE180F392BDB5A880095FE6C /* FavoriteButton.swift */ = {isa = PBXFileReference; lastKnownFileType = sourcecode.swift; path = FavoriteButton.swift; sourceTree = "<group>"; };
		EE180F3C2BDB61D50095FE6C /* GraphCapsule.swift */ = {isa = PBXFileReference; fileEncoding = 4; lastKnownFileType = sourcecode.swift; path = GraphCapsule.swift; sourceTree = "<group>"; };
		EE180F3D2BDB61D50095FE6C /* HikeGraph.swift */ = {isa = PBXFileReference; fileEncoding = 4; lastKnownFileType = sourcecode.swift; path = HikeGraph.swift; sourceTree = "<group>"; };
		EE180F3E2BDB61D50095FE6C /* HikeDetail.swift */ = {isa = PBXFileReference; fileEncoding = 4; lastKnownFileType = sourcecode.swift; path = HikeDetail.swift; sourceTree = "<group>"; };
		EE180F3F2BDB61D50095FE6C /* HikeView.swift */ = {isa = PBXFileReference; fileEncoding = 4; lastKnownFileType = sourcecode.swift; path = HikeView.swift; sourceTree = "<group>"; };
		EE180F452BDB66420095FE6C /* CategoryHome.swift */ = {isa = PBXFileReference; lastKnownFileType = sourcecode.swift; path = CategoryHome.swift; sourceTree = "<group>"; };
		EE406F772BDB817100D392E6 /* CategoryRow.swift */ = {isa = PBXFileReference; lastKnownFileType = sourcecode.swift; path = CategoryRow.swift; sourceTree = "<group>"; };
		EE406F792BDB818900D392E6 /* CategoryItem.swift */ = {isa = PBXFileReference; lastKnownFileType = sourcecode.swift; path = CategoryItem.swift; sourceTree = "<group>"; };
		EED2234D2BDBB67500DA3FE9 /* Profile.swift */ = {isa = PBXFileReference; lastKnownFileType = sourcecode.swift; path = Profile.swift; sourceTree = "<group>"; };
		EED223502BDBB71300DA3FE9 /* ProfileHost.swift */ = {isa = PBXFileReference; lastKnownFileType = sourcecode.swift; path = ProfileHost.swift; sourceTree = "<group>"; };
		EED223522BDBB75500DA3FE9 /* ProfileSummary.swift */ = {isa = PBXFileReference; lastKnownFileType = sourcecode.swift; path = ProfileSummary.swift; sourceTree = "<group>"; };
		EED223542BDBB7B800DA3FE9 /* HikeBadge.swift */ = {isa = PBXFileReference; lastKnownFileType = sourcecode.swift; path = HikeBadge.swift; sourceTree = "<group>"; };
		EED223562BDBEF3100DA3FE9 /* ProfileEditor.swift */ = {isa = PBXFileReference; lastKnownFileType = sourcecode.swift; path = ProfileEditor.swift; sourceTree = "<group>"; };
		EED223592BDBF9BB00DA3FE9 /* PageViewController.swift */ = {isa = PBXFileReference; lastKnownFileType = sourcecode.swift; path = PageViewController.swift; sourceTree = "<group>"; };
		EED2235B2BDC028600DA3FE9 /* FeatureCard.swift */ = {isa = PBXFileReference; lastKnownFileType = sourcecode.swift; path = FeatureCard.swift; sourceTree = "<group>"; };
		EED2235D2BDC055000DA3FE9 /* PageView.swift */ = {isa = PBXFileReference; lastKnownFileType = sourcecode.swift; path = PageView.swift; sourceTree = "<group>"; };
		EED2235F2BDC107400DA3FE9 /* PageControl.swift */ = {isa = PBXFileReference; lastKnownFileType = sourcecode.swift; path = PageControl.swift; sourceTree = "<group>"; };
		EED223652BDC276B00DA3FE9 /* MacLandmarks.app */ = {isa = PBXFileReference; explicitFileType = wrapper.application; includeInIndex = 0; path = MacLandmarks.app; sourceTree = BUILT_PRODUCTS_DIR; };
		EED223692BDC276B00DA3FE9 /* ContentView.swift */ = {isa = PBXFileReference; lastKnownFileType = sourcecode.swift; path = ContentView.swift; sourceTree = "<group>"; };
		EED2236B2BDC276E00DA3FE9 /* Assets.xcassets */ = {isa = PBXFileReference; lastKnownFileType = folder.assetcatalog; path = Assets.xcassets; sourceTree = "<group>"; };
		EED2236E2BDC276E00DA3FE9 /* Preview Assets.xcassets */ = {isa = PBXFileReference; lastKnownFileType = folder.assetcatalog; path = "Preview Assets.xcassets"; sourceTree = "<group>"; };
		EED223702BDC276E00DA3FE9 /* MacLandmarks.entitlements */ = {isa = PBXFileReference; lastKnownFileType = text.plist.entitlements; path = MacLandmarks.entitlements; sourceTree = "<group>"; };
		EEFAC9A92BDA600300687A3C /* Landmarks.app */ = {isa = PBXFileReference; explicitFileType = wrapper.application; includeInIndex = 0; path = Landmarks.app; sourceTree = BUILT_PRODUCTS_DIR; };
		EEFAC9AC2BDA600300687A3C /* LandmarksApp.swift */ = {isa = PBXFileReference; lastKnownFileType = sourcecode.swift; path = LandmarksApp.swift; sourceTree = "<group>"; };
		EEFAC9AE2BDA600300687A3C /* ContentView.swift */ = {isa = PBXFileReference; lastKnownFileType = sourcecode.swift; path = ContentView.swift; sourceTree = "<group>"; };
		EEFAC9B02BDA600400687A3C /* Assets.xcassets */ = {isa = PBXFileReference; lastKnownFileType = folder.assetcatalog; path = Assets.xcassets; sourceTree = "<group>"; };
		EEFAC9B32BDA600400687A3C /* Preview Assets.xcassets */ = {isa = PBXFileReference; lastKnownFileType = folder.assetcatalog; path = "Preview Assets.xcassets"; sourceTree = "<group>"; };
/* End PBXFileReference section */

/* Begin PBXFrameworksBuildPhase section */
		EE014A6D2BDCD731007D4836 /* Frameworks */ = {
			isa = PBXFrameworksBuildPhase;
			buildActionMask = 2147483647;
			files = (
			);
			runOnlyForDeploymentPostprocessing = 0;
		};
		EED223622BDC276B00DA3FE9 /* Frameworks */ = {
			isa = PBXFrameworksBuildPhase;
			buildActionMask = 2147483647;
			files = (
			);
			runOnlyForDeploymentPostprocessing = 0;
		};
		EEFAC9A62BDA600300687A3C /* Frameworks */ = {
			isa = PBXFrameworksBuildPhase;
			buildActionMask = 2147483647;
			files = (
			);
			runOnlyForDeploymentPostprocessing = 0;
		};
/* End PBXFrameworksBuildPhase section */

/* Begin PBXGroup section */
		EE014A712BDCD731007D4836 /* WatchLandmarks Watch App */ = {
			isa = PBXGroup;
			children = (
				EE014A722BDCD731007D4836 /* WatchLandmarksApp.swift */,
				EE014A742BDCD731007D4836 /* ContentView.swift */,
				EE014A762BDCD733007D4836 /* Assets.xcassets */,
				EE014A782BDCD733007D4836 /* Preview Content */,
			);
			path = "WatchLandmarks Watch App";
			sourceTree = "<group>";
		};
		EE014A782BDCD733007D4836 /* Preview Content */ = {
			isa = PBXGroup;
			children = (
				EE014A792BDCD733007D4836 /* Preview Assets.xcassets */,
			);
			path = "Preview Content";
			sourceTree = "<group>";
		};
		EE180F182BDA6A650095FE6C /* Resources */ = {
			isa = PBXGroup;
			children = (
				EE180F332BDB54770095FE6C /* hikeData.json */,
				EE180F162BDA6A5F0095FE6C /* landmarkData.json */,
			);
			path = Resources;
			sourceTree = "<group>";
		};
		EE180F1D2BDA6CB00095FE6C /* Model */ = {
			isa = PBXGroup;
			children = (
				EE180F1B2BDA6C4A0095FE6C /* ModelData.swift */,
				EE180F192BDA6AB70095FE6C /* Landmark.swift */,
				EE180F352BDB54FB0095FE6C /* Hike.swift */,
				EED2234D2BDBB67500DA3FE9 /* Profile.swift */,
			);
			path = Model;
			sourceTree = "<group>";
		};
		EE180F202BDAB9C40095FE6C /* Views */ = {
			isa = PBXGroup;
			children = (
				EED223582BDBF9A000DA3FE9 /* PageView */,
				EED2234F2BDBB6F700DA3FE9 /* Profiles */,
				EE180F442BDB663B0095FE6C /* Categories */,
				EE180F382BDB5A6B0095FE6C /* Helper */,
				EEFAC9AE2BDA600300687A3C /* ContentView.swift */,
				EE180F322BDB53AD0095FE6C /* Landmarks */,
				EE180F312BDB539E0095FE6C /* Badges */,
			);
			path = Views;
			sourceTree = "<group>";
		};
		EE180F312BDB539E0095FE6C /* Badges */ = {
			isa = PBXGroup;
			children = (
				EE180F272BDB50940095FE6C /* HexagonParameters.swift */,
				EE180F292BDB51BA0095FE6C /* BadgeBackground.swift */,
				EE180F2B2BDB52D60095FE6C /* BadgeSymbol.swift */,
				EE180F2D2BDB53190095FE6C /* RotatedBadgeSymbol.swift */,
				EE180F2F2BDB536B0095FE6C /* Badge.swift */,
			);
			path = Badges;
			sourceTree = "<group>";
		};
		EE180F322BDB53AD0095FE6C /* Landmarks */ = {
			isa = PBXGroup;
			children = (
				EE180F212BDAB9F20095FE6C /* LandmarkRow.swift */,
				EE180F232BDABA9E0095FE6C /* LandmarkList.swift */,
				EE180F252BDABB500095FE6C /* LandmarkDetail.swift */,
			);
			path = Landmarks;
			sourceTree = "<group>";
		};
		EE180F382BDB5A6B0095FE6C /* Helper */ = {
			isa = PBXGroup;
			children = (
				EE180F142BDA68F30095FE6C /* MapView.swift */,
				EE180F122BDA680A0095FE6C /* CircleImage.swift */,
				EE180F392BDB5A880095FE6C /* FavoriteButton.swift */,
			);
			path = Helper;
			sourceTree = "<group>";
		};
		EE180F3B2BDB61D50095FE6C /* Hikes */ = {
			isa = PBXGroup;
			children = (
				EE180F3C2BDB61D50095FE6C /* GraphCapsule.swift */,
				EE180F3D2BDB61D50095FE6C /* HikeGraph.swift */,
				EE180F3E2BDB61D50095FE6C /* HikeDetail.swift */,
				EE180F3F2BDB61D50095FE6C /* HikeView.swift */,
				EED223542BDBB7B800DA3FE9 /* HikeBadge.swift */,
			);
			path = Hikes;
			sourceTree = "<group>";
		};
		EE180F442BDB663B0095FE6C /* Categories */ = {
			isa = PBXGroup;
			children = (
				EE180F452BDB66420095FE6C /* CategoryHome.swift */,
				EE406F772BDB817100D392E6 /* CategoryRow.swift */,
				EE406F792BDB818900D392E6 /* CategoryItem.swift */,
			);
			path = Categories;
			sourceTree = "<group>";
		};
		EED2234F2BDBB6F700DA3FE9 /* Profiles */ = {
			isa = PBXGroup;
			children = (
				EED223502BDBB71300DA3FE9 /* ProfileHost.swift */,
				EED223522BDBB75500DA3FE9 /* ProfileSummary.swift */,
				EED223562BDBEF3100DA3FE9 /* ProfileEditor.swift */,
			);
			path = Profiles;
			sourceTree = "<group>";
		};
		EED223582BDBF9A000DA3FE9 /* PageView */ = {
			isa = PBXGroup;
			children = (
				EED223592BDBF9BB00DA3FE9 /* PageViewController.swift */,
				EED2235B2BDC028600DA3FE9 /* FeatureCard.swift */,
				EED2235D2BDC055000DA3FE9 /* PageView.swift */,
				EED2235F2BDC107400DA3FE9 /* PageControl.swift */,
			);
			path = PageView;
			sourceTree = "<group>";
		};
		EED223662BDC276B00DA3FE9 /* MacLandmarks */ = {
			isa = PBXGroup;
			children = (
				EED223692BDC276B00DA3FE9 /* ContentView.swift */,
				EED2236B2BDC276E00DA3FE9 /* Assets.xcassets */,
				EED223702BDC276E00DA3FE9 /* MacLandmarks.entitlements */,
				EED2236D2BDC276E00DA3FE9 /* Preview Content */,
				EE014A552BDCCB90007D4836 /* LandmarkDetail.swift */,
			);
			path = MacLandmarks;
			sourceTree = "<group>";
		};
		EED2236D2BDC276E00DA3FE9 /* Preview Content */ = {
			isa = PBXGroup;
			children = (
				EED2236E2BDC276E00DA3FE9 /* Preview Assets.xcassets */,
			);
			path = "Preview Content";
			sourceTree = "<group>";
		};
		EEFAC9A02BDA600300687A3C = {
			isa = PBXGroup;
			children = (
				EEFAC9AB2BDA600300687A3C /* Landmarks */,
				EED223662BDC276B00DA3FE9 /* MacLandmarks */,
				EE014A712BDCD731007D4836 /* WatchLandmarks Watch App */,
				EEFAC9AA2BDA600300687A3C /* Products */,
			);
			sourceTree = "<group>";
		};
		EEFAC9AA2BDA600300687A3C /* Products */ = {
			isa = PBXGroup;
			children = (
				EEFAC9A92BDA600300687A3C /* Landmarks.app */,
				EED223652BDC276B00DA3FE9 /* MacLandmarks.app */,
				EE014A702BDCD731007D4836 /* WatchLandmarks Watch App.app */,
			);
			name = Products;
			sourceTree = "<group>";
		};
		EEFAC9AB2BDA600300687A3C /* Landmarks */ = {
			isa = PBXGroup;
			children = (
				EE180F3B2BDB61D50095FE6C /* Hikes */,
				EE180F202BDAB9C40095FE6C /* Views */,
				EE180F182BDA6A650095FE6C /* Resources */,
				EEFAC9AC2BDA600300687A3C /* LandmarksApp.swift */,
				EEFAC9B02BDA600400687A3C /* Assets.xcassets */,
				EEFAC9B22BDA600400687A3C /* Preview Content */,
				EE180F1D2BDA6CB00095FE6C /* Model */,
			);
			path = Landmarks;
			sourceTree = "<group>";
		};
		EEFAC9B22BDA600400687A3C /* Preview Content */ = {
			isa = PBXGroup;
			children = (
				EEFAC9B32BDA600400687A3C /* Preview Assets.xcassets */,
			);
			path = "Preview Content";
			sourceTree = "<group>";
		};
/* End PBXGroup section */

/* Begin PBXNativeTarget section */
		EE014A6F2BDCD731007D4836 /* WatchLandmarks Watch App */ = {
			isa = PBXNativeTarget;
			buildConfigurationList = EE014A7E2BDCD733007D4836 /* Build configuration list for PBXNativeTarget "WatchLandmarks Watch App" */;
			buildPhases = (
				EE014A6C2BDCD731007D4836 /* Sources */,
				EE014A6D2BDCD731007D4836 /* Frameworks */,
				EE014A6E2BDCD731007D4836 /* Resources */,
			);
			buildRules = (
			);
			dependencies = (
			);
			name = "WatchLandmarks Watch App";
			productName = "WatchLandmarks Watch App";
			productReference = EE014A702BDCD731007D4836 /* WatchLandmarks Watch App.app */;
			productType = "com.apple.product-type.application";
		};
		EED223642BDC276B00DA3FE9 /* MacLandmarks */ = {
			isa = PBXNativeTarget;
			buildConfigurationList = EED223712BDC276E00DA3FE9 /* Build configuration list for PBXNativeTarget "MacLandmarks" */;
			buildPhases = (
				EED223612BDC276B00DA3FE9 /* Sources */,
				EED223622BDC276B00DA3FE9 /* Frameworks */,
				EED223632BDC276B00DA3FE9 /* Resources */,
			);
			buildRules = (
			);
			dependencies = (
			);
			name = MacLandmarks;
			productName = MacLandmarks;
			productReference = EED223652BDC276B00DA3FE9 /* MacLandmarks.app */;
			productType = "com.apple.product-type.application";
		};
		EEFAC9A82BDA600300687A3C /* Landmarks */ = {
			isa = PBXNativeTarget;
			buildConfigurationList = EEFAC9B72BDA600400687A3C /* Build configuration list for PBXNativeTarget "Landmarks" */;
			buildPhases = (
				EEFAC9A52BDA600300687A3C /* Sources */,
				EEFAC9A62BDA600300687A3C /* Frameworks */,
				EEFAC9A72BDA600300687A3C /* Resources */,
				EE014A812BDCD733007D4836 /* Embed Watch Content */,
			);
			buildRules = (
			);
			dependencies = (
				EE014A7C2BDCD733007D4836 /* PBXTargetDependency */,
			);
			name = Landmarks;
			productName = Landmarks;
			productReference = EEFAC9A92BDA600300687A3C /* Landmarks.app */;
			productType = "com.apple.product-type.application";
		};
/* End PBXNativeTarget section */

/* Begin PBXProject section */
		EEFAC9A12BDA600300687A3C /* Project object */ = {
			isa = PBXProject;
			attributes = {
				BuildIndependentTargetsInParallel = 1;
				LastSwiftUpdateCheck = 1520;
				LastUpgradeCheck = 1520;
				TargetAttributes = {
					EE014A6F2BDCD731007D4836 = {
						CreatedOnToolsVersion = 15.2;
					};
					EED223642BDC276B00DA3FE9 = {
						CreatedOnToolsVersion = 15.2;
					};
					EEFAC9A82BDA600300687A3C = {
						CreatedOnToolsVersion = 15.2;
					};
				};
			};
			buildConfigurationList = EEFAC9A42BDA600300687A3C /* Build configuration list for PBXProject "Landmarks" */;
			compatibilityVersion = "Xcode 14.0";
			developmentRegion = en;
			hasScannedForEncodings = 0;
			knownRegions = (
				en,
				Base,
			);
			mainGroup = EEFAC9A02BDA600300687A3C;
			productRefGroup = EEFAC9AA2BDA600300687A3C /* Products */;
			projectDirPath = "";
			projectRoot = "";
			targets = (
				EEFAC9A82BDA600300687A3C /* Landmarks */,
				EED223642BDC276B00DA3FE9 /* MacLandmarks */,
				EE014A6F2BDCD731007D4836 /* WatchLandmarks Watch App */,
			);
		};
/* End PBXProject section */

/* Begin PBXResourcesBuildPhase section */
		EE014A6E2BDCD731007D4836 /* Resources */ = {
			isa = PBXResourcesBuildPhase;
			buildActionMask = 2147483647;
			files = (
				EE014A7A2BDCD733007D4836 /* Preview Assets.xcassets in Resources */,
				EE014A8E2BDCD7B3007D4836 /* hikeData.json in Resources */,
				EE014A912BDCD7B3007D4836 /* Assets.xcassets in Resources */,
				EE014A962BDCD7B3007D4836 /* landmarkData.json in Resources */,
				EE014A772BDCD733007D4836 /* Assets.xcassets in Resources */,
			);
			runOnlyForDeploymentPostprocessing = 0;
		};
		EED223632BDC276B00DA3FE9 /* Resources */ = {
			isa = PBXResourcesBuildPhase;
			buildActionMask = 2147483647;
			files = (
				EED2236F2BDC276E00DA3FE9 /* Preview Assets.xcassets in Resources */,
				EE014A482BDCC9B2007D4836 /* landmarkData.json in Resources */,
				EE014A472BDCC9B2007D4836 /* hikeData.json in Resources */,
				EED2236C2BDC276E00DA3FE9 /* Assets.xcassets in Resources */,
				EE014A4C2BDCC9B2007D4836 /* Assets.xcassets in Resources */,
			);
			runOnlyForDeploymentPostprocessing = 0;
		};
		EEFAC9A72BDA600300687A3C /* Resources */ = {
			isa = PBXResourcesBuildPhase;
			buildActionMask = 2147483647;
			files = (
				EE180F342BDB54770095FE6C /* hikeData.json in Resources */,
				EEFAC9B42BDA600400687A3C /* Preview Assets.xcassets in Resources */,
				EEFAC9B12BDA600400687A3C /* Assets.xcassets in Resources */,
				EE180F172BDA6A5F0095FE6C /* landmarkData.json in Resources */,
			);
			runOnlyForDeploymentPostprocessing = 0;
		};
/* End PBXResourcesBuildPhase section */

/* Begin PBXSourcesBuildPhase section */
		EE014A6C2BDCD731007D4836 /* Sources */ = {
			isa = PBXSourcesBuildPhase;
			buildActionMask = 2147483647;
			files = (
				EE014A942BDCD7B3007D4836 /* MapView.swift in Sources */,
				EE014A992BDCD7B3007D4836 /* Landmark.swift in Sources */,
				EE014A952BDCD7B3007D4836 /* CircleImage.swift in Sources */,
				EE014A972BDCD7B3007D4836 /* ModelData.swift in Sources */,
				EE014A752BDCD731007D4836 /* ContentView.swift in Sources */,
				EE014A932BDCD7B3007D4836 /* Profile.swift in Sources */,
				EE014A8F2BDCD7B3007D4836 /* LandmarksApp.swift in Sources */,
				EE014A902BDCD7B3007D4836 /* Hike.swift in Sources */,
				EE014A922BDCD7B3007D4836 /* LandmarkRow.swift in Sources */,
				EE014A732BDCD731007D4836 /* WatchLandmarksApp.swift in Sources */,
				EE014A982BDCD7B3007D4836 /* LandmarkList.swift in Sources */,
			);
			runOnlyForDeploymentPostprocessing = 0;
		};
		EED223612BDC276B00DA3FE9 /* Sources */ = {
			isa = PBXSourcesBuildPhase;
			buildActionMask = 2147483647;
			files = (
				EE014A4E2BDCC9B2007D4836 /* Landmark.swift in Sources */,
				EED2236A2BDC276B00DA3FE9 /* ContentView.swift in Sources */,
				EE014A4A2BDCC9B2007D4836 /* CircleImage.swift in Sources */,
				EE014A532BDCC9B2007D4836 /* FavoriteButton.swift in Sources */,
				EE014A562BDCCB90007D4836 /* LandmarkDetail.swift in Sources */,
				EE014A512BDCC9B2007D4836 /* LandmarksApp.swift in Sources */,
				EE014A522BDCC9B2007D4836 /* Hike.swift in Sources */,
				EE014A4D2BDCC9B2007D4836 /* LandmarkRow.swift in Sources */,
				EE014A502BDCC9B2007D4836 /* LandmarkList.swift in Sources */,
				EE014A4B2BDCC9B2007D4836 /* MapView.swift in Sources */,
				EE014A4F2BDCC9B2007D4836 /* ModelData.swift in Sources */,
				EE014A492BDCC9B2007D4836 /* Profile.swift in Sources */,
			);
			runOnlyForDeploymentPostprocessing = 0;
		};
		EEFAC9A52BDA600300687A3C /* Sources */ = {
			isa = PBXSourcesBuildPhase;
			buildActionMask = 2147483647;
			files = (
				EE406F782BDB817100D392E6 /* CategoryRow.swift in Sources */,
				EED2234E2BDBB67500DA3FE9 /* Profile.swift in Sources */,
				EE180F362BDB54FB0095FE6C /* Hike.swift in Sources */,
				EE180F462BDB66420095FE6C /* CategoryHome.swift in Sources */,
				EED2235C2BDC028600DA3FE9 /* FeatureCard.swift in Sources */,
				EE180F412BDB61D50095FE6C /* HikeGraph.swift in Sources */,
				EE180F282BDB50940095FE6C /* HexagonParameters.swift in Sources */,
				EEFAC9AF2BDA600300687A3C /* ContentView.swift in Sources */,
				EE180F402BDB61D50095FE6C /* GraphCapsule.swift in Sources */,
				EE180F152BDA68F40095FE6C /* MapView.swift in Sources */,
				EED223602BDC107400DA3FE9 /* PageControl.swift in Sources */,
				EEFAC9AD2BDA600300687A3C /* LandmarksApp.swift in Sources */,
				EE014A542BDCCA9A007D4836 /* LandmarkDetail.swift in Sources */,
				EE406F7A2BDB818900D392E6 /* CategoryItem.swift in Sources */,
				EE180F422BDB61D50095FE6C /* HikeDetail.swift in Sources */,
				EED223532BDBB75500DA3FE9 /* ProfileSummary.swift in Sources */,
				EE180F242BDABA9E0095FE6C /* LandmarkList.swift in Sources */,
				EED223512BDBB71300DA3FE9 /* ProfileHost.swift in Sources */,
				EE180F2C2BDB52D60095FE6C /* BadgeSymbol.swift in Sources */,
				EED2235E2BDC055000DA3FE9 /* PageView.swift in Sources */,
				EE180F302BDB536B0095FE6C /* Badge.swift in Sources */,
				EED223572BDBEF3100DA3FE9 /* ProfileEditor.swift in Sources */,
				EE180F2A2BDB51BA0095FE6C /* BadgeBackground.swift in Sources */,
				EE180F432BDB61D50095FE6C /* HikeView.swift in Sources */,
				EE180F132BDA680A0095FE6C /* CircleImage.swift in Sources */,
				EED2235A2BDBF9BB00DA3FE9 /* PageViewController.swift in Sources */,
				EE180F3A2BDB5A880095FE6C /* FavoriteButton.swift in Sources */,
				EED223552BDBB7B800DA3FE9 /* HikeBadge.swift in Sources */,
				EE180F1A2BDA6AB70095FE6C /* Landmark.swift in Sources */,
				EE180F2E2BDB53190095FE6C /* RotatedBadgeSymbol.swift in Sources */,
				EE180F222BDAB9F20095FE6C /* LandmarkRow.swift in Sources */,
				EE180F1C2BDA6C4A0095FE6C /* ModelData.swift in Sources */,
			);
			runOnlyForDeploymentPostprocessing = 0;
		};
/* End PBXSourcesBuildPhase section */

/* Begin PBXTargetDependency section */
		EE014A7C2BDCD733007D4836 /* PBXTargetDependency */ = {
			isa = PBXTargetDependency;
			target = EE014A6F2BDCD731007D4836 /* WatchLandmarks Watch App */;
			targetProxy = EE014A7B2BDCD733007D4836 /* PBXContainerItemProxy */;
		};
/* End PBXTargetDependency section */

/* Begin XCBuildConfiguration section */
		EE014A7F2BDCD733007D4836 /* Debug */ = {
			isa = XCBuildConfiguration;
			buildSettings = {
				ASSETCATALOG_COMPILER_APPICON_NAME = AppIcon;
				ASSETCATALOG_COMPILER_GLOBAL_ACCENT_COLOR_NAME = AccentColor;
				CODE_SIGN_STYLE = Automatic;
				CURRENT_PROJECT_VERSION = 1;
				DEVELOPMENT_ASSET_PATHS = "\"WatchLandmarks Watch App/Preview Content\"";
				DEVELOPMENT_TEAM = 85GYMJ45N9;
				ENABLE_PREVIEWS = YES;
				GENERATE_INFOPLIST_FILE = YES;
				INFOPLIST_KEY_CFBundleDisplayName = WatchLandmarks;
				INFOPLIST_KEY_UISupportedInterfaceOrientations = "UIInterfaceOrientationPortrait UIInterfaceOrientationPortraitUpsideDown";
				INFOPLIST_KEY_WKCompanionAppBundleIdentifier = "-706012210024.Landmarks";
				INFOPLIST_KEY_WKRunsIndependentlyOfCompanionApp = YES;
				LD_RUNPATH_SEARCH_PATHS = (
					"$(inherited)",
					"@executable_path/Frameworks",
				);
				MARKETING_VERSION = 1.0;
				PRODUCT_BUNDLE_IDENTIFIER = "-706012210024.Landmarks.watchkitapp";
				PRODUCT_NAME = "$(TARGET_NAME)";
				SDKROOT = watchos;
				SKIP_INSTALL = YES;
				SWIFT_EMIT_LOC_STRINGS = YES;
				SWIFT_VERSION = 5.0;
				TARGETED_DEVICE_FAMILY = 4;
				WATCHOS_DEPLOYMENT_TARGET = 10.2;
			};
			name = Debug;
		};
		EE014A802BDCD733007D4836 /* Release */ = {
			isa = XCBuildConfiguration;
			buildSettings = {
				ASSETCATALOG_COMPILER_APPICON_NAME = AppIcon;
				ASSETCATALOG_COMPILER_GLOBAL_ACCENT_COLOR_NAME = AccentColor;
				CODE_SIGN_STYLE = Automatic;
				CURRENT_PROJECT_VERSION = 1;
				DEVELOPMENT_ASSET_PATHS = "\"WatchLandmarks Watch App/Preview Content\"";
				DEVELOPMENT_TEAM = 85GYMJ45N9;
				ENABLE_PREVIEWS = YES;
				GENERATE_INFOPLIST_FILE = YES;
				INFOPLIST_KEY_CFBundleDisplayName = WatchLandmarks;
				INFOPLIST_KEY_UISupportedInterfaceOrientations = "UIInterfaceOrientationPortrait UIInterfaceOrientationPortraitUpsideDown";
				INFOPLIST_KEY_WKCompanionAppBundleIdentifier = "-706012210024.Landmarks";
				INFOPLIST_KEY_WKRunsIndependentlyOfCompanionApp = YES;
				LD_RUNPATH_SEARCH_PATHS = (
					"$(inherited)",
					"@executable_path/Frameworks",
				);
				MARKETING_VERSION = 1.0;
				PRODUCT_BUNDLE_IDENTIFIER = "-706012210024.Landmarks.watchkitapp";
				PRODUCT_NAME = "$(TARGET_NAME)";
				SDKROOT = watchos;
				SKIP_INSTALL = YES;
				SWIFT_EMIT_LOC_STRINGS = YES;
				SWIFT_VERSION = 5.0;
				TARGETED_DEVICE_FAMILY = 4;
				WATCHOS_DEPLOYMENT_TARGET = 10.2;
			};
			name = Release;
		};
		EED223722BDC276E00DA3FE9 /* Debug */ = {
			isa = XCBuildConfiguration;
			buildSettings = {
				ASSETCATALOG_COMPILER_APPICON_NAME = AppIcon;
				ASSETCATALOG_COMPILER_GLOBAL_ACCENT_COLOR_NAME = AccentColor;
				CODE_SIGN_ENTITLEMENTS = MacLandmarks/MacLandmarks.entitlements;
				"CODE_SIGN_IDENTITY[sdk=macosx*]" = "-";
				CODE_SIGN_STYLE = Automatic;
				COMBINE_HIDPI_IMAGES = YES;
				CURRENT_PROJECT_VERSION = 1;
				DEVELOPMENT_ASSET_PATHS = "\"MacLandmarks/Preview Content\"";
				DEVELOPMENT_TEAM = "";
				ENABLE_PREVIEWS = YES;
				GENERATE_INFOPLIST_FILE = YES;
				INFOPLIST_KEY_NSHumanReadableCopyright = "";
				LD_RUNPATH_SEARCH_PATHS = (
					"$(inherited)",
					"@executable_path/../Frameworks",
				);
				MACOSX_DEPLOYMENT_TARGET = 14.2;
				MARKETING_VERSION = 1.0;
				PRODUCT_BUNDLE_IDENTIFIER = "-706012210024.MacLandmarks";
				PRODUCT_NAME = "$(TARGET_NAME)";
				SDKROOT = macosx;
				SUPPORTED_PLATFORMS = "iphoneos iphonesimulator macosx";
				SUPPORTS_MACCATALYST = NO;
				SUPPORTS_MAC_DESIGNED_FOR_IPHONE_IPAD = YES;
				SWIFT_EMIT_LOC_STRINGS = YES;
				SWIFT_VERSION = 5.0;
				TARGETED_DEVICE_FAMILY = 2;
			};
			name = Debug;
		};
		EED223732BDC276E00DA3FE9 /* Release */ = {
			isa = XCBuildConfiguration;
			buildSettings = {
				ASSETCATALOG_COMPILER_APPICON_NAME = AppIcon;
				ASSETCATALOG_COMPILER_GLOBAL_ACCENT_COLOR_NAME = AccentColor;
				CODE_SIGN_ENTITLEMENTS = MacLandmarks/MacLandmarks.entitlements;
				"CODE_SIGN_IDENTITY[sdk=macosx*]" = "-";
				CODE_SIGN_STYLE = Automatic;
				COMBINE_HIDPI_IMAGES = YES;
				CURRENT_PROJECT_VERSION = 1;
				DEVELOPMENT_ASSET_PATHS = "\"MacLandmarks/Preview Content\"";
				DEVELOPMENT_TEAM = "";
				ENABLE_PREVIEWS = YES;
				GENERATE_INFOPLIST_FILE = YES;
				INFOPLIST_KEY_NSHumanReadableCopyright = "";
				LD_RUNPATH_SEARCH_PATHS = (
					"$(inherited)",
					"@executable_path/../Frameworks",
				);
				MACOSX_DEPLOYMENT_TARGET = 14.2;
				MARKETING_VERSION = 1.0;
				PRODUCT_BUNDLE_IDENTIFIER = "-706012210024.MacLandmarks";
				PRODUCT_NAME = "$(TARGET_NAME)";
				SDKROOT = macosx;
				SUPPORTED_PLATFORMS = "iphoneos iphonesimulator macosx";
				SUPPORTS_MACCATALYST = NO;
				SUPPORTS_MAC_DESIGNED_FOR_IPHONE_IPAD = YES;
				SWIFT_EMIT_LOC_STRINGS = YES;
				SWIFT_VERSION = 5.0;
				TARGETED_DEVICE_FAMILY = 2;
			};
			name = Release;
		};
		EEFAC9B52BDA600400687A3C /* Debug */ = {
			isa = XCBuildConfiguration;
			buildSettings = {
				ALWAYS_SEARCH_USER_PATHS = NO;
				ASSETCATALOG_COMPILER_GENERATE_SWIFT_ASSET_SYMBOL_EXTENSIONS = YES;
				CLANG_ANALYZER_NONNULL = YES;
				CLANG_ANALYZER_NUMBER_OBJECT_CONVERSION = YES_AGGRESSIVE;
				CLANG_CXX_LANGUAGE_STANDARD = "gnu++20";
				CLANG_ENABLE_MODULES = YES;
				CLANG_ENABLE_OBJC_ARC = YES;
				CLANG_ENABLE_OBJC_WEAK = YES;
				CLANG_WARN_BLOCK_CAPTURE_AUTORELEASING = YES;
				CLANG_WARN_BOOL_CONVERSION = YES;
				CLANG_WARN_COMMA = YES;
				CLANG_WARN_CONSTANT_CONVERSION = YES;
				CLANG_WARN_DEPRECATED_OBJC_IMPLEMENTATIONS = YES;
				CLANG_WARN_DIRECT_OBJC_ISA_USAGE = YES_ERROR;
				CLANG_WARN_DOCUMENTATION_COMMENTS = YES;
				CLANG_WARN_EMPTY_BODY = YES;
				CLANG_WARN_ENUM_CONVERSION = YES;
				CLANG_WARN_INFINITE_RECURSION = YES;
				CLANG_WARN_INT_CONVERSION = YES;
				CLANG_WARN_NON_LITERAL_NULL_CONVERSION = YES;
				CLANG_WARN_OBJC_IMPLICIT_RETAIN_SELF = YES;
				CLANG_WARN_OBJC_LITERAL_CONVERSION = YES;
				CLANG_WARN_OBJC_ROOT_CLASS = YES_ERROR;
				CLANG_WARN_QUOTED_INCLUDE_IN_FRAMEWORK_HEADER = YES;
				CLANG_WARN_RANGE_LOOP_ANALYSIS = YES;
				CLANG_WARN_STRICT_PROTOTYPES = YES;
				CLANG_WARN_SUSPICIOUS_MOVE = YES;
				CLANG_WARN_UNGUARDED_AVAILABILITY = YES_AGGRESSIVE;
				CLANG_WARN_UNREACHABLE_CODE = YES;
				CLANG_WARN__DUPLICATE_METHOD_MATCH = YES;
				COPY_PHASE_STRIP = NO;
				DEBUG_INFORMATION_FORMAT = dwarf;
				ENABLE_STRICT_OBJC_MSGSEND = YES;
				ENABLE_TESTABILITY = YES;
				ENABLE_USER_SCRIPT_SANDBOXING = YES;
				GCC_C_LANGUAGE_STANDARD = gnu17;
				GCC_DYNAMIC_NO_PIC = NO;
				GCC_NO_COMMON_BLOCKS = YES;
				GCC_OPTIMIZATION_LEVEL = 0;
				GCC_PREPROCESSOR_DEFINITIONS = (
					"DEBUG=1",
					"$(inherited)",
				);
				GCC_WARN_64_TO_32_BIT_CONVERSION = YES;
				GCC_WARN_ABOUT_RETURN_TYPE = YES_ERROR;
				GCC_WARN_UNDECLARED_SELECTOR = YES;
				GCC_WARN_UNINITIALIZED_AUTOS = YES_AGGRESSIVE;
				GCC_WARN_UNUSED_FUNCTION = YES;
				GCC_WARN_UNUSED_VARIABLE = YES;
				IPHONEOS_DEPLOYMENT_TARGET = 17.2;
				LOCALIZATION_PREFERS_STRING_CATALOGS = YES;
				MTL_ENABLE_DEBUG_INFO = INCLUDE_SOURCE;
				MTL_FAST_MATH = YES;
				ONLY_ACTIVE_ARCH = YES;
				SDKROOT = iphoneos;
				SWIFT_ACTIVE_COMPILATION_CONDITIONS = "DEBUG $(inherited)";
				SWIFT_OPTIMIZATION_LEVEL = "-Onone";
			};
			name = Debug;
		};
		EEFAC9B62BDA600400687A3C /* Release */ = {
			isa = XCBuildConfiguration;
			buildSettings = {
				ALWAYS_SEARCH_USER_PATHS = NO;
				ASSETCATALOG_COMPILER_GENERATE_SWIFT_ASSET_SYMBOL_EXTENSIONS = YES;
				CLANG_ANALYZER_NONNULL = YES;
				CLANG_ANALYZER_NUMBER_OBJECT_CONVERSION = YES_AGGRESSIVE;
				CLANG_CXX_LANGUAGE_STANDARD = "gnu++20";
				CLANG_ENABLE_MODULES = YES;
				CLANG_ENABLE_OBJC_ARC = YES;
				CLANG_ENABLE_OBJC_WEAK = YES;
				CLANG_WARN_BLOCK_CAPTURE_AUTORELEASING = YES;
				CLANG_WARN_BOOL_CONVERSION = YES;
				CLANG_WARN_COMMA = YES;
				CLANG_WARN_CONSTANT_CONVERSION = YES;
				CLANG_WARN_DEPRECATED_OBJC_IMPLEMENTATIONS = YES;
				CLANG_WARN_DIRECT_OBJC_ISA_USAGE = YES_ERROR;
				CLANG_WARN_DOCUMENTATION_COMMENTS = YES;
				CLANG_WARN_EMPTY_BODY = YES;
				CLANG_WARN_ENUM_CONVERSION = YES;
				CLANG_WARN_INFINITE_RECURSION = YES;
				CLANG_WARN_INT_CONVERSION = YES;
				CLANG_WARN_NON_LITERAL_NULL_CONVERSION = YES;
				CLANG_WARN_OBJC_IMPLICIT_RETAIN_SELF = YES;
				CLANG_WARN_OBJC_LITERAL_CONVERSION = YES;
				CLANG_WARN_OBJC_ROOT_CLASS = YES_ERROR;
				CLANG_WARN_QUOTED_INCLUDE_IN_FRAMEWORK_HEADER = YES;
				CLANG_WARN_RANGE_LOOP_ANALYSIS = YES;
				CLANG_WARN_STRICT_PROTOTYPES = YES;
				CLANG_WARN_SUSPICIOUS_MOVE = YES;
				CLANG_WARN_UNGUARDED_AVAILABILITY = YES_AGGRESSIVE;
				CLANG_WARN_UNREACHABLE_CODE = YES;
				CLANG_WARN__DUPLICATE_METHOD_MATCH = YES;
				COPY_PHASE_STRIP = NO;
				DEBUG_INFORMATION_FORMAT = "dwarf-with-dsym";
				ENABLE_NS_ASSERTIONS = NO;
				ENABLE_STRICT_OBJC_MSGSEND = YES;
				ENABLE_USER_SCRIPT_SANDBOXING = YES;
				GCC_C_LANGUAGE_STANDARD = gnu17;
				GCC_NO_COMMON_BLOCKS = YES;
				GCC_WARN_64_TO_32_BIT_CONVERSION = YES;
				GCC_WARN_ABOUT_RETURN_TYPE = YES_ERROR;
				GCC_WARN_UNDECLARED_SELECTOR = YES;
				GCC_WARN_UNINITIALIZED_AUTOS = YES_AGGRESSIVE;
				GCC_WARN_UNUSED_FUNCTION = YES;
				GCC_WARN_UNUSED_VARIABLE = YES;
				IPHONEOS_DEPLOYMENT_TARGET = 17.2;
				LOCALIZATION_PREFERS_STRING_CATALOGS = YES;
				MTL_ENABLE_DEBUG_INFO = NO;
				MTL_FAST_MATH = YES;
				SDKROOT = iphoneos;
				SWIFT_COMPILATION_MODE = wholemodule;
				VALIDATE_PRODUCT = YES;
			};
			name = Release;
		};
		EEFAC9B82BDA600400687A3C /* Debug */ = {
			isa = XCBuildConfiguration;
			buildSettings = {
				ALWAYS_EMBED_SWIFT_STANDARD_LIBRARIES = YES;
				ASSETCATALOG_COMPILER_APPICON_NAME = AppIcon;
				ASSETCATALOG_COMPILER_GLOBAL_ACCENT_COLOR_NAME = AccentColor;
				CODE_SIGN_STYLE = Automatic;
				CURRENT_PROJECT_VERSION = 1;
				DEVELOPMENT_ASSET_PATHS = "\"Landmarks/Preview Content\"";
				DEVELOPMENT_TEAM = 85GYMJ45N9;
				ENABLE_PREVIEWS = YES;
				GENERATE_INFOPLIST_FILE = YES;
				INFOPLIST_KEY_UIApplicationSceneManifest_Generation = YES;
				INFOPLIST_KEY_UIApplicationSupportsIndirectInputEvents = YES;
				INFOPLIST_KEY_UILaunchScreen_Generation = YES;
				INFOPLIST_KEY_UISupportedInterfaceOrientations_iPad = "UIInterfaceOrientationPortrait UIInterfaceOrientationPortraitUpsideDown UIInterfaceOrientationLandscapeLeft UIInterfaceOrientationLandscapeRight";
				INFOPLIST_KEY_UISupportedInterfaceOrientations_iPhone = "UIInterfaceOrientationPortrait UIInterfaceOrientationLandscapeLeft UIInterfaceOrientationLandscapeRight";
				LD_RUNPATH_SEARCH_PATHS = (
					"$(inherited)",
					"@executable_path/Frameworks",
				);
				MARKETING_VERSION = 1.0;
				PRODUCT_BUNDLE_IDENTIFIER = "-706012210024.Landmarks";
				PRODUCT_NAME = "$(TARGET_NAME)";
				SWIFT_EMIT_LOC_STRINGS = YES;
				SWIFT_VERSION = 5.0;
				TARGETED_DEVICE_FAMILY = "1,2";
			};
			name = Debug;
		};
		EEFAC9B92BDA600400687A3C /* Release */ = {
			isa = XCBuildConfiguration;
			buildSettings = {
				ALWAYS_EMBED_SWIFT_STANDARD_LIBRARIES = YES;
				ASSETCATALOG_COMPILER_APPICON_NAME = AppIcon;
				ASSETCATALOG_COMPILER_GLOBAL_ACCENT_COLOR_NAME = AccentColor;
				CODE_SIGN_STYLE = Automatic;
				CURRENT_PROJECT_VERSION = 1;
				DEVELOPMENT_ASSET_PATHS = "\"Landmarks/Preview Content\"";
				DEVELOPMENT_TEAM = 85GYMJ45N9;
				ENABLE_PREVIEWS = YES;
				GENERATE_INFOPLIST_FILE = YES;
				INFOPLIST_KEY_UIApplicationSceneManifest_Generation = YES;
				INFOPLIST_KEY_UIApplicationSupportsIndirectInputEvents = YES;
				INFOPLIST_KEY_UILaunchScreen_Generation = YES;
				INFOPLIST_KEY_UISupportedInterfaceOrientations_iPad = "UIInterfaceOrientationPortrait UIInterfaceOrientationPortraitUpsideDown UIInterfaceOrientationLandscapeLeft UIInterfaceOrientationLandscapeRight";
				INFOPLIST_KEY_UISupportedInterfaceOrientations_iPhone = "UIInterfaceOrientationPortrait UIInterfaceOrientationLandscapeLeft UIInterfaceOrientationLandscapeRight";
				LD_RUNPATH_SEARCH_PATHS = (
					"$(inherited)",
					"@executable_path/Frameworks",
				);
				MARKETING_VERSION = 1.0;
				PRODUCT_BUNDLE_IDENTIFIER = "-706012210024.Landmarks";
				PRODUCT_NAME = "$(TARGET_NAME)";
				SWIFT_EMIT_LOC_STRINGS = YES;
				SWIFT_VERSION = 5.0;
				TARGETED_DEVICE_FAMILY = "1,2";
			};
			name = Release;
		};
/* End XCBuildConfiguration section */

/* Begin XCConfigurationList section */
		EE014A7E2BDCD733007D4836 /* Build configuration list for PBXNativeTarget "WatchLandmarks Watch App" */ = {
			isa = XCConfigurationList;
			buildConfigurations = (
				EE014A7F2BDCD733007D4836 /* Debug */,
				EE014A802BDCD733007D4836 /* Release */,
			);
			defaultConfigurationIsVisible = 0;
			defaultConfigurationName = Release;
		};
		EED223712BDC276E00DA3FE9 /* Build configuration list for PBXNativeTarget "MacLandmarks" */ = {
			isa = XCConfigurationList;
			buildConfigurations = (
				EED223722BDC276E00DA3FE9 /* Debug */,
				EED223732BDC276E00DA3FE9 /* Release */,
			);
			defaultConfigurationIsVisible = 0;
			defaultConfigurationName = Release;
		};
		EEFAC9A42BDA600300687A3C /* Build configuration list for PBXProject "Landmarks" */ = {
			isa = XCConfigurationList;
			buildConfigurations = (
				EEFAC9B52BDA600400687A3C /* Debug */,
				EEFAC9B62BDA600400687A3C /* Release */,
			);
			defaultConfigurationIsVisible = 0;
			defaultConfigurationName = Release;
		};
		EEFAC9B72BDA600400687A3C /* Build configuration list for PBXNativeTarget "Landmarks" */ = {
			isa = XCConfigurationList;
			buildConfigurations = (
				EEFAC9B82BDA600400687A3C /* Debug */,
				EEFAC9B92BDA600400687A3C /* Release */,
			);
			defaultConfigurationIsVisible = 0;
			defaultConfigurationName = Release;
		};
/* End XCConfigurationList section */
	};
	rootObject = EEFAC9A12BDA600300687A3C /* Project object */;
}
